
Microsoft Visual Studio Solution File, Format Version 12.00
# Visual Studio Version 17
VisualStudioVersion = 17.0.31903.59
MinimumVisualStudioVersion = 10.0.40219.1
Project("{2150E333-8FDC-42A3-9474-1A3956D46DE8}") = "src", "src", "{4BD1DF73-884C-4773-916C-226E4ECC6200}"
EndProject
Project("{2150E333-8FDC-42A3-9474-1A3956D46DE8}") = "01Core", "01Core", "{35F1A081-6D8D-47C0-ACEB-8DFAD94618A1}"
EndProject
Project("{6EC3EE1D-3C4E-46DD-8F32-0CC8E7565705}") = "MicroFun.Preamble", "src\01Core\MicroFun.Preamble\MicroFun.Preamble.fsproj", "{CDE7C296-4607-45ED-B771-206856030911}"
EndProject
Project("{2150E333-8FDC-42A3-9474-1A3956D46DE8}") = "11Shared", "11Shared", "{ECBE2E12-F388-4550-B077-78C22FC1B298}"
EndProject
Project("{6EC3EE1D-3C4E-46DD-8F32-0CC8E7565705}") = "MicroFun.Shared.Domain", "src\11Shared\MicroFun.Shared.Domain\MicroFun.Shared.Domain.fsproj", "{1D4F8610-B049-4DF9-BE67-3517F6CEE459}"
EndProject
Project("{6EC3EE1D-3C4E-46DD-8F32-0CC8E7565705}") = "MicroFun.Shared.Application", "src\11Shared\MicroFun.Shared.Application\MicroFun.Shared.Application.fsproj", "{C9206EA6-FB6F-4485-B9D9-1F47F2FDE66C}"
EndProject
Project("{6EC3EE1D-3C4E-46DD-8F32-0CC8E7565705}") = "MicroFun.Shared.RestApi", "src\11Shared\MicroFun.Shared.RestApi\MicroFun.Shared.RestApi.fsproj", "{8333E7E7-C1EF-4144-A0D5-DB487625C80E}"
EndProject
Project("{2150E333-8FDC-42A3-9474-1A3956D46DE8}") = "21Common", "21Common", "{8DDF3982-83A6-4E86-BD44-5A7621DD46A0}"
EndProject
Project("{2150E333-8FDC-42A3-9474-1A3956D46DE8}") = "Users", "Users", "{CB6D7588-8D39-4AFB-897D-BD8598F70AB5}"
EndProject
Project("{6EC3EE1D-3C4E-46DD-8F32-0CC8E7565705}") = "MicroFun.Users.Domain", "src\21Common\Users\MicroFun.Users.Domain\MicroFun.Users.Domain.fsproj", "{88EF1655-0C5B-4C04-A61E-1CFD25ED131E}"
EndProject
Project("{2150E333-8FDC-42A3-9474-1A3956D46DE8}") = "test", "test", "{5F018156-5465-412C-84F3-0D8083AA4F93}"
EndProject
Project("{2150E333-8FDC-42A3-9474-1A3956D46DE8}") = "01Core", "01Core", "{0D731A81-E8C2-4578-89F8-CDD2F409FD58}"
EndProject
Project("{6EC3EE1D-3C4E-46DD-8F32-0CC8E7565705}") = "MicroFun.Preamble.Tests", "test\01Core\MicroFun.Preamble.Tests\MicroFun.Preamble.Tests.fsproj", "{F43222E4-42FC-44C3-89BD-EFAF202351D6}"
EndProject
Project("{2150E333-8FDC-42A3-9474-1A3956D46DE8}") = "examples", "examples", "{7B7FE171-C3B9-4B14-BF47-9A7F867CD41E}"
EndProject
Project("{2150E333-8FDC-42A3-9474-1A3956D46DE8}") = "TodoLists", "TodoLists", "{75FFD277-2920-4B37-8621-02F41D73136D}"
EndProject
Project("{6EC3EE1D-3C4E-46DD-8F32-0CC8E7565705}") = "Examples.TodoLists.Domain", "examples\TodoLists\Examples.TodoLists.Domain\Examples.TodoLists.Domain.fsproj", "{D641447A-C121-47D0-884C-A67402426E9F}"
EndProject
Project("{6EC3EE1D-3C4E-46DD-8F32-0CC8E7565705}") = "Examples.TodoLists.Domain.Tests", "examples\TodoLists\Examples.TodoLists.Domain.Tests\Examples.TodoLists.Domain.Tests.fsproj", "{18046370-529A-4C18-A754-9A2FD224A31A}"
EndProject
Project("{6EC3EE1D-3C4E-46DD-8F32-0CC8E7565705}") = "Examples.TodoLists.Application", "examples\TodoLists\Examples.TodoLists.Application\Examples.TodoLists.Application.fsproj", "{E0032574-E3CB-41EC-BBD9-5F0679FD10BA}"
EndProject
Project("{6EC3EE1D-3C4E-46DD-8F32-0CC8E7565705}") = "Examples.TodoLists.WebApi", "examples\TodoLists\Examples.TodoLists.WebApi\Examples.TodoLists.WebApi.fsproj", "{2FB0F651-2E66-4C6B-A683-C6E2929F0EB3}"
EndProject
Project("{6EC3EE1D-3C4E-46DD-8F32-0CC8E7565705}") = "Examples.TodoLists.RestApi", "examples\TodoLists\Examples.TodoLists.RestApi\Examples.TodoLists.RestApi.fsproj", "{9942E960-AE19-44D8-8E58-2081A30EDF69}"
EndProject
Project("{F2A71F9B-5D33-465A-A702-920D77279786}") = "MicroFun.Shared.Domain.Testing", "src\11Shared\MicroFun.Shared.Domain.Testing\MicroFun.Shared.Domain.Testing.fsproj", "{A70BE13E-B802-4432-9AAE-1CED722DCF37}"
EndProject
Global
	GlobalSection(SolutionConfigurationPlatforms) = preSolution
		Debug|Any CPU = Debug|Any CPU
		Release|Any CPU = Release|Any CPU
	EndGlobalSection
	GlobalSection(ProjectConfigurationPlatforms) = postSolution
		{CDE7C296-4607-45ED-B771-206856030911}.Debug|Any CPU.ActiveCfg = Debug|Any CPU
		{CDE7C296-4607-45ED-B771-206856030911}.Debug|Any CPU.Build.0 = Debug|Any CPU
		{CDE7C296-4607-45ED-B771-206856030911}.Release|Any CPU.ActiveCfg = Release|Any CPU
		{CDE7C296-4607-45ED-B771-206856030911}.Release|Any CPU.Build.0 = Release|Any CPU
		{1D4F8610-B049-4DF9-BE67-3517F6CEE459}.Debug|Any CPU.ActiveCfg = Debug|Any CPU
		{1D4F8610-B049-4DF9-BE67-3517F6CEE459}.Debug|Any CPU.Build.0 = Debug|Any CPU
		{1D4F8610-B049-4DF9-BE67-3517F6CEE459}.Release|Any CPU.ActiveCfg = Release|Any CPU
		{1D4F8610-B049-4DF9-BE67-3517F6CEE459}.Release|Any CPU.Build.0 = Release|Any CPU
		{C9206EA6-FB6F-4485-B9D9-1F47F2FDE66C}.Debug|Any CPU.ActiveCfg = Debug|Any CPU
		{C9206EA6-FB6F-4485-B9D9-1F47F2FDE66C}.Debug|Any CPU.Build.0 = Debug|Any CPU
		{C9206EA6-FB6F-4485-B9D9-1F47F2FDE66C}.Release|Any CPU.ActiveCfg = Release|Any CPU
		{C9206EA6-FB6F-4485-B9D9-1F47F2FDE66C}.Release|Any CPU.Build.0 = Release|Any CPU
		{8333E7E7-C1EF-4144-A0D5-DB487625C80E}.Debug|Any CPU.ActiveCfg = Debug|Any CPU
		{8333E7E7-C1EF-4144-A0D5-DB487625C80E}.Debug|Any CPU.Build.0 = Debug|Any CPU
		{8333E7E7-C1EF-4144-A0D5-DB487625C80E}.Release|Any CPU.ActiveCfg = Release|Any CPU
		{8333E7E7-C1EF-4144-A0D5-DB487625C80E}.Release|Any CPU.Build.0 = Release|Any CPU
		{88EF1655-0C5B-4C04-A61E-1CFD25ED131E}.Debug|Any CPU.ActiveCfg = Debug|Any CPU
		{88EF1655-0C5B-4C04-A61E-1CFD25ED131E}.Debug|Any CPU.Build.0 = Debug|Any CPU
		{88EF1655-0C5B-4C04-A61E-1CFD25ED131E}.Release|Any CPU.ActiveCfg = Release|Any CPU
		{88EF1655-0C5B-4C04-A61E-1CFD25ED131E}.Release|Any CPU.Build.0 = Release|Any CPU
		{F43222E4-42FC-44C3-89BD-EFAF202351D6}.Debug|Any CPU.ActiveCfg = Debug|Any CPU
		{F43222E4-42FC-44C3-89BD-EFAF202351D6}.Debug|Any CPU.Build.0 = Debug|Any CPU
		{F43222E4-42FC-44C3-89BD-EFAF202351D6}.Release|Any CPU.ActiveCfg = Release|Any CPU
		{F43222E4-42FC-44C3-89BD-EFAF202351D6}.Release|Any CPU.Build.0 = Release|Any CPU
		{D641447A-C121-47D0-884C-A67402426E9F}.Debug|Any CPU.ActiveCfg = Debug|Any CPU
		{D641447A-C121-47D0-884C-A67402426E9F}.Debug|Any CPU.Build.0 = Debug|Any CPU
		{D641447A-C121-47D0-884C-A67402426E9F}.Release|Any CPU.ActiveCfg = Release|Any CPU
		{D641447A-C121-47D0-884C-A67402426E9F}.Release|Any CPU.Build.0 = Release|Any CPU
		{18046370-529A-4C18-A754-9A2FD224A31A}.Debug|Any CPU.ActiveCfg = Debug|Any CPU
		{18046370-529A-4C18-A754-9A2FD224A31A}.Debug|Any CPU.Build.0 = Debug|Any CPU
		{18046370-529A-4C18-A754-9A2FD224A31A}.Release|Any CPU.ActiveCfg = Release|Any CPU
		{18046370-529A-4C18-A754-9A2FD224A31A}.Release|Any CPU.Build.0 = Release|Any CPU
		{E0032574-E3CB-41EC-BBD9-5F0679FD10BA}.Debug|Any CPU.ActiveCfg = Debug|Any CPU
		{E0032574-E3CB-41EC-BBD9-5F0679FD10BA}.Debug|Any CPU.Build.0 = Debug|Any CPU
		{E0032574-E3CB-41EC-BBD9-5F0679FD10BA}.Release|Any CPU.ActiveCfg = Release|Any CPU
		{E0032574-E3CB-41EC-BBD9-5F0679FD10BA}.Release|Any CPU.Build.0 = Release|Any CPU
		{2FB0F651-2E66-4C6B-A683-C6E2929F0EB3}.Debug|Any CPU.ActiveCfg = Debug|Any CPU
		{2FB0F651-2E66-4C6B-A683-C6E2929F0EB3}.Debug|Any CPU.Build.0 = Debug|Any CPU
		{2FB0F651-2E66-4C6B-A683-C6E2929F0EB3}.Release|Any CPU.ActiveCfg = Release|Any CPU
		{2FB0F651-2E66-4C6B-A683-C6E2929F0EB3}.Release|Any CPU.Build.0 = Release|Any CPU
		{9942E960-AE19-44D8-8E58-2081A30EDF69}.Debug|Any CPU.ActiveCfg = Debug|Any CPU
		{9942E960-AE19-44D8-8E58-2081A30EDF69}.Debug|Any CPU.Build.0 = Debug|Any CPU
		{9942E960-AE19-44D8-8E58-2081A30EDF69}.Release|Any CPU.ActiveCfg = Release|Any CPU
		{9942E960-AE19-44D8-8E58-2081A30EDF69}.Release|Any CPU.Build.0 = Release|Any CPU
		{A70BE13E-B802-4432-9AAE-1CED722DCF37}.Debug|Any CPU.ActiveCfg = Debug|Any CPU
		{A70BE13E-B802-4432-9AAE-1CED722DCF37}.Debug|Any CPU.Build.0 = Debug|Any CPU
		{A70BE13E-B802-4432-9AAE-1CED722DCF37}.Release|Any CPU.ActiveCfg = Release|Any CPU
		{A70BE13E-B802-4432-9AAE-1CED722DCF37}.Release|Any CPU.Build.0 = Release|Any CPU
	EndGlobalSection
	GlobalSection(SolutionProperties) = preSolution
		HideSolutionNode = FALSE
	EndGlobalSection
	GlobalSection(NestedProjects) = preSolution
		{35F1A081-6D8D-47C0-ACEB-8DFAD94618A1} = {4BD1DF73-884C-4773-916C-226E4ECC6200}
		{CDE7C296-4607-45ED-B771-206856030911} = {35F1A081-6D8D-47C0-ACEB-8DFAD94618A1}
		{ECBE2E12-F388-4550-B077-78C22FC1B298} = {4BD1DF73-884C-4773-916C-226E4ECC6200}
		{1D4F8610-B049-4DF9-BE67-3517F6CEE459} = {ECBE2E12-F388-4550-B077-78C22FC1B298}
		{C9206EA6-FB6F-4485-B9D9-1F47F2FDE66C} = {ECBE2E12-F388-4550-B077-78C22FC1B298}
		{8333E7E7-C1EF-4144-A0D5-DB487625C80E} = {ECBE2E12-F388-4550-B077-78C22FC1B298}
		{8DDF3982-83A6-4E86-BD44-5A7621DD46A0} = {4BD1DF73-884C-4773-916C-226E4ECC6200}
		{CB6D7588-8D39-4AFB-897D-BD8598F70AB5} = {8DDF3982-83A6-4E86-BD44-5A7621DD46A0}
		{88EF1655-0C5B-4C04-A61E-1CFD25ED131E} = {CB6D7588-8D39-4AFB-897D-BD8598F70AB5}
		{0D731A81-E8C2-4578-89F8-CDD2F409FD58} = {5F018156-5465-412C-84F3-0D8083AA4F93}
		{F43222E4-42FC-44C3-89BD-EFAF202351D6} = {0D731A81-E8C2-4578-89F8-CDD2F409FD58}
		{75FFD277-2920-4B37-8621-02F41D73136D} = {7B7FE171-C3B9-4B14-BF47-9A7F867CD41E}
		{D641447A-C121-47D0-884C-A67402426E9F} = {75FFD277-2920-4B37-8621-02F41D73136D}
		{18046370-529A-4C18-A754-9A2FD224A31A} = {75FFD277-2920-4B37-8621-02F41D73136D}
		{E0032574-E3CB-41EC-BBD9-5F0679FD10BA} = {75FFD277-2920-4B37-8621-02F41D73136D}
		{2FB0F651-2E66-4C6B-A683-C6E2929F0EB3} = {75FFD277-2920-4B37-8621-02F41D73136D}
		{9942E960-AE19-44D8-8E58-2081A30EDF69} = {75FFD277-2920-4B37-8621-02F41D73136D}
		{A70BE13E-B802-4432-9AAE-1CED722DCF37} = {ECBE2E12-F388-4550-B077-78C22FC1B298}
	EndGlobalSection
	GlobalSection(ExtensibilityGlobals) = postSolution
		SolutionGuid = {392965FC-7226-435E-AC93-2847BA5E5411}
	EndGlobalSection
EndGlobal
